<?xml version="1.0" encoding="utf-8"?>
<Project ToolsVersion="4.0" xmlns="http://schemas.microsoft.com/developer/msbuild/2003">
  <ItemGroup>
    <Filter Include="Source Files">
      <UniqueIdentifier>{4FC737F1-C7A5-4376-A066-2A32D752A2FF}</UniqueIdentifier>
      <Extensions>cpp;c;cc;cxx;c++;cppm;ixx;def;odl;idl;hpj;bat;asm;asmx</Extensions>
    </Filter>
    <Filter Include="Header Files">
      <UniqueIdentifier>{93995380-89BD-4b04-88EB-625FBE52EBFB}</UniqueIdentifier>
      <Extensions>h;hh;hpp;hxx;h++;hm;inl;inc;ipp;xsd</Extensions>
    </Filter>
    <Filter Include="Resource Files">
      <UniqueIdentifier>{67DA6AB6-F800-4c08-8B7A-83BB121AAD01}</UniqueIdentifier>
      <Extensions>rc;ico;cur;bmp;dlg;rc2;rct;bin;rgs;gif;jpg;jpeg;jpe;resx;tiff;tif;png;wav;mfcribbon-ms</Extensions>
    </Filter>
    <Filter Include="Source Files\Domain">
      <UniqueIdentifier>{bb7d8de5-fa21-4a3b-bcd2-e09e8d946d73}</UniqueIdentifier>
    </Filter>
    <Filter Include="Source Files\Persitency">
      <UniqueIdentifier>{6bbbc07a-f81f-4d48-a120-dd7d16961bdf}</UniqueIdentifier>
    </Filter>
    <Filter Include="Source Files\Service">
      <UniqueIdentifier>{9dec4715-bbe9-4ab3-bb13-fd86d009bc5c}</UniqueIdentifier>
    </Filter>
    <Filter Include="Source Files\Exceptions">
      <UniqueIdentifier>{879a5248-4c1e-4e3e-9329-ad757f2f1a90}</UniqueIdentifier>
    </Filter>
    <Filter Include="Source Files\Tests">
      <UniqueIdentifier>{4c67b330-430d-4f82-8966-e9220aa17bd8}</UniqueIdentifier>
    </Filter>
    <Filter Include="Header Files\Domain">
      <UniqueIdentifier>{518cfa2a-d811-4f74-a1ae-21fbaf979d50}</UniqueIdentifier>
    </Filter>
    <Filter Include="Header Files\Exceptions">
      <UniqueIdentifier>{2d3b4ae0-9b30-40af-adc8-f25be356534d}</UniqueIdentifier>
    </Filter>
    <Filter Include="Header Files\Tests">
      <UniqueIdentifier>{ff8add76-8f4b-4933-9f93-cd24958e30ce}</UniqueIdentifier>
    </Filter>
    <Filter Include="Header Files\Service">
      <UniqueIdentifier>{f1c7a0d1-c1dd-4cc5-8d41-f662de711c4d}</UniqueIdentifier>
    </Filter>
    <Filter Include="Header Files\Persistency">
      <UniqueIdentifier>{15a47fb6-9712-4b81-a72c-fa9dc84622da}</UniqueIdentifier>
    </Filter>
    <Filter Include="Source Files\UI">
      <UniqueIdentifier>{ee2ea879-e32f-49c4-99bc-661e62e52449}</UniqueIdentifier>
    </Filter>
  </ItemGroup>
  <ItemGroup>
    <ClCompile Include="Pastry.cpp">
      <Filter>Source Files\Domain</Filter>
    </ClCompile>
    <ClCompile Include="FilteringCriteria.cpp">
      <Filter>Source Files\Service</Filter>
    </ClCompile>
    <ClCompile Include="FileRepo.cpp">
      <Filter>Source Files\Persitency</Filter>
    </ClCompile>
    <ClCompile Include="Repo.cpp">
      <Filter>Source Files\Persitency</Filter>
    </ClCompile>
    <ClCompile Include="RepoExceptions.cpp">
      <Filter>Source Files\Exceptions</Filter>
    </ClCompile>
    <ClCompile Include="Tests.cpp">
      <Filter>Source Files\Tests</Filter>
    </ClCompile>
    <ClCompile Include="UI.cpp">
      <Filter>Source Files\UI</Filter>
    </ClCompile>
    <ClCompile Include="Source.cpp">
      <Filter>Source Files</Filter>
    </ClCompile>
    <ClCompile Include="SortingCriteria.cpp">
      <Filter>Source Files\Service</Filter>
    </ClCompile>
    <ClCompile Include="Action.cpp">
      <Filter>Source Files\Persitency</Filter>
    </ClCompile>
    <ClCompile Include="Controller.cpp">
      <Filter>Source Files</Filter>
    </ClCompile>
  </ItemGroup>
  <ItemGroup>
    <ClInclude Include="Pastry.h">
      <Filter>Header Files\Domain</Filter>
    </ClInclude>
    <ClInclude Include="FilteringCriteria.h">
      <Filter>Header Files\Service</Filter>
    </ClInclude>
    <ClInclude Include="Repo.h">
      <Filter>Header Files\Persistency</Filter>
    </ClInclude>
    <ClInclude Include="RepoExceptions.h">
      <Filter>Header Files\Exceptions</Filter>
    </ClInclude>
    <ClInclude Include="FileRepo.h">
      <Filter>Header Files\Persistency</Filter>
    </ClInclude>
    <ClInclude Include="Tests.h">
      <Filter>Header Files\Tests</Filter>
    </ClInclude>
    <ClInclude Include="UI.h">
      <Filter>Header Files</Filter>
    </ClInclude>
    <ClInclude Include="SortingCriteria.h">
      <Filter>Header Files\Service</Filter>
    </ClInclude>
    <ClInclude Include="Action.h">
      <Filter>Header Files\Persistency</Filter>
    </ClInclude>
    <ClInclude Include="Controller.h">
      <Filter>Header Files</Filter>
    </ClInclude>
  </ItemGroup>
  <ItemGroup>
    <None Include="README.md" />
    <None Include="BakeryInfo.csv">
      <Filter>Resource Files</Filter>
    </None>
    <None Include="teste.csv">
      <Filter>Resource Files</Filter>
    </None>
  </ItemGroup>
  <ItemGroup>
    <Text Include="trying.txt">
      <Filter>Resource Files</Filter>
    </Text>
  </ItemGroup>
</Project>